lockfileVersion: '6.0'

settings:
  autoInstallPeers: true
  excludeLinksFromLockfile: false

dependencies:
  '@ai-zen/lazy-promise':
    specifier: ^1.0.2
    version: 1.0.2

devDependencies:
  typescript:
    specifier: ^5.1.6
    version: 5.3.3

packages:

  /@ai-zen/lazy-promise@1.0.2:
    resolution: {integrity: sha512-pT3FCXpKcQUDk+zG6qflbwSz0aFtyFam50O1fjiZGmYyUjJQ9X44mWXYJIvT3saa8tzpiS5rd0gX4FogOKfrEQ==}
    dev: false

  /typescript@5.3.3:
    resolution: {integrity: sha512-pXWcraxM0uxAS+tN0AG/BF2TyqmHO014Z070UsJ+pFvYuRSq8KH8DmWpnbXe0pEPDHXZV3FcAbJkijJ5oNEnWw==}
    engines: {node: '>=14.17'}
    hasBin: true
    dev: true
